// !$*UTF8*$!
{
	archiveVersion = 1;
	classes = {
	};
	objectVersion = 46;
	objects = {

/* Begin PBXBuildFile section */
		303503436010E1322155ECA9 /* libPods.a in Frameworks */ = {isa = PBXBuildFile; fileRef = B1D8FFFAD933E930A55758A1 /* libPods.a */; };
		3D2C9A991C1226E500ED4513 /* main.m in Sources */ = {isa = PBXBuildFile; fileRef = 3D2C9A981C1226E500ED4513 /* main.m */; };
		3D2C9A9C1C1226E500ED4513 /* AppDelegate.m in Sources */ = {isa = PBXBuildFile; fileRef = 3D2C9A9B1C1226E500ED4513 /* AppDelegate.m */; };
		3D2C9A9F1C1226E500ED4513 /* MainVoiceViewController.m in Sources */ = {isa = PBXBuildFile; fileRef = 3D2C9A9E1C1226E500ED4513 /* MainVoiceViewController.m */; };
		3D2C9AA21C1226E500ED4513 /* Main.storyboard in Resources */ = {isa = PBXBuildFile; fileRef = 3D2C9AA01C1226E500ED4513 /* Main.storyboard */; };
		3D2C9AA51C1226E500ED4513 /* alfred.xcdatamodeld in Sources */ = {isa = PBXBuildFile; fileRef = 3D2C9AA31C1226E500ED4513 /* alfred.xcdatamodeld */; };
		3D2C9AA71C1226E500ED4513 /* Images.xcassets in Resources */ = {isa = PBXBuildFile; fileRef = 3D2C9AA61C1226E500ED4513 /* Images.xcassets */; };
		3D2C9AAA1C1226E500ED4513 /* LaunchScreen.storyboard in Resources */ = {isa = PBXBuildFile; fileRef = 3D2C9AA81C1226E500ED4513 /* LaunchScreen.storyboard */; };
		3D2C9AB51C1226E500ED4513 /* alfredTests.m in Sources */ = {isa = PBXBuildFile; fileRef = 3D2C9AB41C1226E500ED4513 /* alfredTests.m */; };
		3D2C9AC01C1226E500ED4513 /* alfredUITests.m in Sources */ = {isa = PBXBuildFile; fileRef = 3D2C9ABF1C1226E500ED4513 /* alfredUITests.m */; };
		3D8B55991C1324BA0000041A /* bread_result.mp3 in Resources */ = {isa = PBXBuildFile; fileRef = 3D8B55981C1324BA0000041A /* bread_result.mp3 */; };
		3D8B559A1C1324BA0000041A /* bread_result.mp3 in Resources */ = {isa = PBXBuildFile; fileRef = 3D8B55981C1324BA0000041A /* bread_result.mp3 */; };
		3D8B559B1C1324BA0000041A /* bread_result.mp3 in Resources */ = {isa = PBXBuildFile; fileRef = 3D8B55981C1324BA0000041A /* bread_result.mp3 */; };
		3D8B559F1C1324F70000041A /* AudioManager.m in Sources */ = {isa = PBXBuildFile; fileRef = 3D8B559E1C1324F70000041A /* AudioManager.m */; };
		3D8B55A01C1324F70000041A /* AudioManager.m in Sources */ = {isa = PBXBuildFile; fileRef = 3D8B559E1C1324F70000041A /* AudioManager.m */; };
		3D8B55A11C1324F70000041A /* AudioManager.m in Sources */ = {isa = PBXBuildFile; fileRef = 3D8B559E1C1324F70000041A /* AudioManager.m */; };
		3D8B55A31C132CBC0000041A /* AudioManagerTest.m in Sources */ = {isa = PBXBuildFile; fileRef = 3D8B55A21C132CBC0000041A /* AudioManagerTest.m */; };
		3D8B55A61C135EE50000041A /* RestManager.m in Sources */ = {isa = PBXBuildFile; fileRef = 3D8B55A51C135EE50000041A /* RestManager.m */; };
		3D8B55A71C135EE50000041A /* RestManager.m in Sources */ = {isa = PBXBuildFile; fileRef = 3D8B55A51C135EE50000041A /* RestManager.m */; };
		3D8B55A81C135EE50000041A /* RestManager.m in Sources */ = {isa = PBXBuildFile; fileRef = 3D8B55A51C135EE50000041A /* RestManager.m */; };
/* End PBXBuildFile section */

/* Begin PBXContainerItemProxy section */
		3D2C9AB11C1226E500ED4513 /* PBXContainerItemProxy */ = {
			isa = PBXContainerItemProxy;
			containerPortal = 3D2C9A8C1C1226E500ED4513 /* Project object */;
			proxyType = 1;
			remoteGlobalIDString = 3D2C9A931C1226E500ED4513;
			remoteInfo = alfred;
		};
		3D2C9ABC1C1226E500ED4513 /* PBXContainerItemProxy */ = {
			isa = PBXContainerItemProxy;
			containerPortal = 3D2C9A8C1C1226E500ED4513 /* Project object */;
			proxyType = 1;
			remoteGlobalIDString = 3D2C9A931C1226E500ED4513;
			remoteInfo = alfred;
		};
/* End PBXContainerItemProxy section */

/* Begin PBXFileReference section */
		3D2C9A941C1226E500ED4513 /* alfred.app */ = {isa = PBXFileReference; explicitFileType = wrapper.application; includeInIndex = 0; path = alfred.app; sourceTree = BUILT_PRODUCTS_DIR; };
		3D2C9A981C1226E500ED4513 /* main.m */ = {isa = PBXFileReference; lastKnownFileType = sourcecode.c.objc; path = main.m; sourceTree = "<group>"; };
		3D2C9A9A1C1226E500ED4513 /* AppDelegate.h */ = {isa = PBXFileReference; lastKnownFileType = sourcecode.c.h; path = AppDelegate.h; sourceTree = "<group>"; };
		3D2C9A9B1C1226E500ED4513 /* AppDelegate.m */ = {isa = PBXFileReference; lastKnownFileType = sourcecode.c.objc; path = AppDelegate.m; sourceTree = "<group>"; };
		3D2C9A9D1C1226E500ED4513 /* MainVoiceViewController.h */ = {isa = PBXFileReference; lastKnownFileType = sourcecode.c.h; path = MainVoiceViewController.h; sourceTree = "<group>"; };
		3D2C9A9E1C1226E500ED4513 /* MainVoiceViewController.m */ = {isa = PBXFileReference; lastKnownFileType = sourcecode.c.objc; path = MainVoiceViewController.m; sourceTree = "<group>"; };
		3D2C9AA11C1226E500ED4513 /* Base */ = {isa = PBXFileReference; lastKnownFileType = file.storyboard; name = Base; path = Base.lproj/Main.storyboard; sourceTree = "<group>"; };
		3D2C9AA41C1226E500ED4513 /* alfred.xcdatamodel */ = {isa = PBXFileReference; lastKnownFileType = wrapper.xcdatamodel; path = alfred.xcdatamodel; sourceTree = "<group>"; };
		3D2C9AA61C1226E500ED4513 /* Images.xcassets */ = {isa = PBXFileReference; lastKnownFileType = folder.assetcatalog; path = Images.xcassets; sourceTree = "<group>"; };
		3D2C9AA91C1226E500ED4513 /* Base */ = {isa = PBXFileReference; lastKnownFileType = file.storyboard; name = Base; path = Base.lproj/LaunchScreen.storyboard; sourceTree = "<group>"; };
		3D2C9AAB1C1226E500ED4513 /* Info.plist */ = {isa = PBXFileReference; lastKnownFileType = text.plist.xml; path = Info.plist; sourceTree = "<group>"; };
		3D2C9AB01C1226E500ED4513 /* alfredTests.xctest */ = {isa = PBXFileReference; explicitFileType = wrapper.cfbundle; includeInIndex = 0; path = alfredTests.xctest; sourceTree = BUILT_PRODUCTS_DIR; };
		3D2C9AB41C1226E500ED4513 /* alfredTests.m */ = {isa = PBXFileReference; lastKnownFileType = sourcecode.c.objc; path = alfredTests.m; sourceTree = "<group>"; };
		3D2C9AB61C1226E500ED4513 /* Info.plist */ = {isa = PBXFileReference; lastKnownFileType = text.plist.xml; path = Info.plist; sourceTree = "<group>"; };
		3D2C9ABB1C1226E500ED4513 /* alfredUITests.xctest */ = {isa = PBXFileReference; explicitFileType = wrapper.cfbundle; includeInIndex = 0; path = alfredUITests.xctest; sourceTree = BUILT_PRODUCTS_DIR; };
		3D2C9ABF1C1226E500ED4513 /* alfredUITests.m */ = {isa = PBXFileReference; lastKnownFileType = sourcecode.c.objc; path = alfredUITests.m; sourceTree = "<group>"; };
		3D2C9AC11C1226E500ED4513 /* Info.plist */ = {isa = PBXFileReference; lastKnownFileType = text.plist.xml; path = Info.plist; sourceTree = "<group>"; };
		3D8B55981C1324BA0000041A /* bread_result.mp3 */ = {isa = PBXFileReference; lastKnownFileType = audio.mp3; path = bread_result.mp3; sourceTree = "<group>"; };
		3D8B559D1C1324F70000041A /* AudioManager.h */ = {isa = PBXFileReference; fileEncoding = 4; lastKnownFileType = sourcecode.c.h; path = AudioManager.h; sourceTree = "<group>"; };
		3D8B559E1C1324F70000041A /* AudioManager.m */ = {isa = PBXFileReference; fileEncoding = 4; lastKnownFileType = sourcecode.c.objc; path = AudioManager.m; sourceTree = "<group>"; };
		3D8B55A21C132CBC0000041A /* AudioManagerTest.m */ = {isa = PBXFileReference; fileEncoding = 4; lastKnownFileType = sourcecode.c.objc; path = AudioManagerTest.m; sourceTree = "<group>"; };
		3D8B55A41C135EE50000041A /* RestManager.h */ = {isa = PBXFileReference; fileEncoding = 4; lastKnownFileType = sourcecode.c.h; path = RestManager.h; sourceTree = "<group>"; };
		3D8B55A51C135EE50000041A /* RestManager.m */ = {isa = PBXFileReference; fileEncoding = 4; lastKnownFileType = sourcecode.c.objc; path = RestManager.m; sourceTree = "<group>"; };
		517A3FAD72DE1125B651692B /* Pods.debug.xcconfig */ = {isa = PBXFileReference; includeInIndex = 1; lastKnownFileType = text.xcconfig; name = Pods.debug.xcconfig; path = "Pods/Target Support Files/Pods/Pods.debug.xcconfig"; sourceTree = "<group>"; };
		53CCFFE7879B495104FAA51E /* Pods.release.xcconfig */ = {isa = PBXFileReference; includeInIndex = 1; lastKnownFileType = text.xcconfig; name = Pods.release.xcconfig; path = "Pods/Target Support Files/Pods/Pods.release.xcconfig"; sourceTree = "<group>"; };
		B1D8FFFAD933E930A55758A1 /* libPods.a */ = {isa = PBXFileReference; explicitFileType = archive.ar; includeInIndex = 0; path = libPods.a; sourceTree = BUILT_PRODUCTS_DIR; };
/* End PBXFileReference section */

/* Begin PBXFrameworksBuildPhase section */
		3D2C9A911C1226E500ED4513 /* Frameworks */ = {
			isa = PBXFrameworksBuildPhase;
			buildActionMask = 2147483647;
			files = (
				303503436010E1322155ECA9 /* libPods.a in Frameworks */,
			);
			runOnlyForDeploymentPostprocessing = 0;
		};
		3D2C9AAD1C1226E500ED4513 /* Frameworks */ = {
			isa = PBXFrameworksBuildPhase;
			buildActionMask = 2147483647;
			files = (
			);
			runOnlyForDeploymentPostprocessing = 0;
		};
		3D2C9AB81C1226E500ED4513 /* Frameworks */ = {
			isa = PBXFrameworksBuildPhase;
			buildActionMask = 2147483647;
			files = (
			);
			runOnlyForDeploymentPostprocessing = 0;
		};
/* End PBXFrameworksBuildPhase section */

/* Begin PBXGroup section */
		3D2C9A8B1C1226E500ED4513 = {
			isa = PBXGroup;
			children = (
				3D2C9A961C1226E500ED4513 /* alfred */,
				3D2C9AB31C1226E500ED4513 /* alfredTests */,
				3D2C9ABE1C1226E500ED4513 /* alfredUITests */,
				3D2C9A951C1226E500ED4513 /* Products */,
				E7D934998CDD352F7C9656F5 /* Pods */,
				7B4C2621F80950687534E24A /* Frameworks */,
			);
			sourceTree = "<group>";
		};
		3D2C9A951C1226E500ED4513 /* Products */ = {
			isa = PBXGroup;
			children = (
				3D2C9A941C1226E500ED4513 /* alfred.app */,
				3D2C9AB01C1226E500ED4513 /* alfredTests.xctest */,
				3D2C9ABB1C1226E500ED4513 /* alfredUITests.xctest */,
			);
			name = Products;
			sourceTree = "<group>";
		};
		3D2C9A961C1226E500ED4513 /* alfred */ = {
			isa = PBXGroup;
			children = (
				3D8B559C1C1324DD0000041A /* Managers */,
				3D8B55961C1323F90000041A /* Controllers */,
				3D2C9A9A1C1226E500ED4513 /* AppDelegate.h */,
				3D2C9A9B1C1226E500ED4513 /* AppDelegate.m */,
				3D2C9AA01C1226E500ED4513 /* Main.storyboard */,
				3D2C9AA61C1226E500ED4513 /* Images.xcassets */,
				3D2C9AA81C1226E500ED4513 /* LaunchScreen.storyboard */,
				3D2C9AA31C1226E500ED4513 /* alfred.xcdatamodeld */,
				3D2C9A971C1226E500ED4513 /* Supporting Files */,
			);
			path = alfred;
			sourceTree = "<group>";
		};
		3D2C9A971C1226E500ED4513 /* Supporting Files */ = {
			isa = PBXGroup;
			children = (
				3D2C9AAB1C1226E500ED4513 /* Info.plist */,
				3D8B55971C1324580000041A /* Assets */,
				3D2C9A981C1226E500ED4513 /* main.m */,
			);
			name = "Supporting Files";
			sourceTree = "<group>";
		};
		3D2C9AB31C1226E500ED4513 /* alfredTests */ = {
			isa = PBXGroup;
			children = (
				3D2C9AB41C1226E500ED4513 /* alfredTests.m */,
				3D2C9AB61C1226E500ED4513 /* Info.plist */,
				3D8B55A21C132CBC0000041A /* AudioManagerTest.m */,
			);
			path = alfredTests;
			sourceTree = "<group>";
		};
		3D2C9ABE1C1226E500ED4513 /* alfredUITests */ = {
			isa = PBXGroup;
			children = (
				3D2C9ABF1C1226E500ED4513 /* alfredUITests.m */,
				3D2C9AC11C1226E500ED4513 /* Info.plist */,
			);
			path = alfredUITests;
			sourceTree = "<group>";
		};
		3D8B55961C1323F90000041A /* Controllers */ = {
			isa = PBXGroup;
			children = (
				3D2C9A9D1C1226E500ED4513 /* MainVoiceViewController.h */,
				3D2C9A9E1C1226E500ED4513 /* MainVoiceViewController.m */,
			);
			path = Controllers;
			sourceTree = "<group>";
		};
		3D8B55971C1324580000041A /* Assets */ = {
			isa = PBXGroup;
			children = (
				3D8B55981C1324BA0000041A /* bread_result.mp3 */,
			);
			path = Assets;
			sourceTree = "<group>";
		};
		3D8B559C1C1324DD0000041A /* Managers */ = {
			isa = PBXGroup;
			children = (
				3D8B559D1C1324F70000041A /* AudioManager.h */,
				3D8B559E1C1324F70000041A /* AudioManager.m */,
				3D8B55A41C135EE50000041A /* RestManager.h */,
				3D8B55A51C135EE50000041A /* RestManager.m */,
			);
			path = Managers;
			sourceTree = "<group>";
		};
		7B4C2621F80950687534E24A /* Frameworks */ = {
			isa = PBXGroup;
			children = (
				B1D8FFFAD933E930A55758A1 /* libPods.a */,
			);
			name = Frameworks;
			sourceTree = "<group>";
		};
		E7D934998CDD352F7C9656F5 /* Pods */ = {
			isa = PBXGroup;
			children = (
				517A3FAD72DE1125B651692B /* Pods.debug.xcconfig */,
				53CCFFE7879B495104FAA51E /* Pods.release.xcconfig */,
			);
			name = Pods;
			sourceTree = "<group>";
		};
/* End PBXGroup section */

/* Begin PBXNativeTarget section */
		3D2C9A931C1226E500ED4513 /* alfred */ = {
			isa = PBXNativeTarget;
			buildConfigurationList = 3D2C9AC41C1226E500ED4513 /* Build configuration list for PBXNativeTarget "alfred" */;
			buildPhases = (
				46039266BED4A782333A6D5C /* Check Pods Manifest.lock */,
				3D2C9A901C1226E500ED4513 /* Sources */,
				3D2C9A911C1226E500ED4513 /* Frameworks */,
				3D2C9A921C1226E500ED4513 /* Resources */,
				4D5015165B32862B3E24769B /* Copy Pods Resources */,
			);
			buildRules = (
			);
			dependencies = (
			);
			name = alfred;
			productName = alfred;
			productReference = 3D2C9A941C1226E500ED4513 /* alfred.app */;
			productType = "com.apple.product-type.application";
		};
		3D2C9AAF1C1226E500ED4513 /* alfredTests */ = {
			isa = PBXNativeTarget;
			buildConfigurationList = 3D2C9AC71C1226E500ED4513 /* Build configuration list for PBXNativeTarget "alfredTests" */;
			buildPhases = (
				3D2C9AAC1C1226E500ED4513 /* Sources */,
				3D2C9AAD1C1226E500ED4513 /* Frameworks */,
				3D2C9AAE1C1226E500ED4513 /* Resources */,
			);
			buildRules = (
			);
			dependencies = (
				3D2C9AB21C1226E500ED4513 /* PBXTargetDependency */,
			);
			name = alfredTests;
			productName = alfredTests;
			productReference = 3D2C9AB01C1226E500ED4513 /* alfredTests.xctest */;
			productType = "com.apple.product-type.bundle.unit-test";
		};
		3D2C9ABA1C1226E500ED4513 /* alfredUITests */ = {
			isa = PBXNativeTarget;
			buildConfigurationList = 3D2C9ACA1C1226E500ED4513 /* Build configuration list for PBXNativeTarget "alfredUITests" */;
			buildPhases = (
				3D2C9AB71C1226E500ED4513 /* Sources */,
				3D2C9AB81C1226E500ED4513 /* Frameworks */,
				3D2C9AB91C1226E500ED4513 /* Resources */,
			);
			buildRules = (
			);
			dependencies = (
				3D2C9ABD1C1226E500ED4513 /* PBXTargetDependency */,
			);
			name = alfredUITests;
			productName = alfredUITests;
			productReference = 3D2C9ABB1C1226E500ED4513 /* alfredUITests.xctest */;
			productType = "com.apple.product-type.bundle.ui-testing";
		};
/* End PBXNativeTarget section */

/* Begin PBXProject section */
		3D2C9A8C1C1226E500ED4513 /* Project object */ = {
			isa = PBXProject;
			attributes = {
				LastUpgradeCheck = 0710;
				ORGANIZATIONNAME = TeamYAY;
				TargetAttributes = {
					3D2C9A931C1226E500ED4513 = {
						CreatedOnToolsVersion = 7.1;
					};
					3D2C9AAF1C1226E500ED4513 = {
						CreatedOnToolsVersion = 7.1;
						TestTargetID = 3D2C9A931C1226E500ED4513;
					};
					3D2C9ABA1C1226E500ED4513 = {
						CreatedOnToolsVersion = 7.1;
						TestTargetID = 3D2C9A931C1226E500ED4513;
					};
				};
			};
			buildConfigurationList = 3D2C9A8F1C1226E500ED4513 /* Build configuration list for PBXProject "alfred" */;
			compatibilityVersion = "Xcode 3.2";
			developmentRegion = English;
			hasScannedForEncodings = 0;
			knownRegions = (
				en,
				Base,
			);
			mainGroup = 3D2C9A8B1C1226E500ED4513;
			productRefGroup = 3D2C9A951C1226E500ED4513 /* Products */;
			projectDirPath = "";
			projectRoot = "";
			targets = (
				3D2C9A931C1226E500ED4513 /* alfred */,
				3D2C9AAF1C1226E500ED4513 /* alfredTests */,
				3D2C9ABA1C1226E500ED4513 /* alfredUITests */,
			);
		};
/* End PBXProject section */

/* Begin PBXResourcesBuildPhase section */
		3D2C9A921C1226E500ED4513 /* Resources */ = {
			isa = PBXResourcesBuildPhase;
			buildActionMask = 2147483647;
			files = (
				3D2C9AAA1C1226E500ED4513 /* LaunchScreen.storyboard in Resources */,
				3D2C9AA71C1226E500ED4513 /* Images.xcassets in Resources */,
				3D8B55991C1324BA0000041A /* bread_result.mp3 in Resources */,
				3D2C9AA21C1226E500ED4513 /* Main.storyboard in Resources */,
			);
			runOnlyForDeploymentPostprocessing = 0;
		};
		3D2C9AAE1C1226E500ED4513 /* Resources */ = {
			isa = PBXResourcesBuildPhase;
			buildActionMask = 2147483647;
			files = (
				3D8B559A1C1324BA0000041A /* bread_result.mp3 in Resources */,
			);
			runOnlyForDeploymentPostprocessing = 0;
		};
		3D2C9AB91C1226E500ED4513 /* Resources */ = {
			isa = PBXResourcesBuildPhase;
			buildActionMask = 2147483647;
			files = (
				3D8B559B1C1324BA0000041A /* bread_result.mp3 in Resources */,
			);
			runOnlyForDeploymentPostprocessing = 0;
		};
/* End PBXResourcesBuildPhase section */

/* Begin PBXShellScriptBuildPhase section */
		46039266BED4A782333A6D5C /* Check Pods Manifest.lock */ = {
			isa = PBXShellScriptBuildPhase;
			buildActionMask = 2147483647;
			files = (
			);
			inputPaths = (
			);
			name = "Check Pods Manifest.lock";
			outputPaths = (
			);
			runOnlyForDeploymentPostprocessing = 0;
			shellPath = /bin/sh;
			shellScript = "diff \"${PODS_ROOT}/../Podfile.lock\" \"${PODS_ROOT}/Manifest.lock\" > /dev/null\nif [[ $? != 0 ]] ; then\n    cat << EOM\nerror: The sandbox is not in sync with the Podfile.lock. Run 'pod install' or update your CocoaPods installation.\nEOM\n    exit 1\nfi\n";
			showEnvVarsInLog = 0;
		};
		4D5015165B32862B3E24769B /* Copy Pods Resources */ = {
			isa = PBXShellScriptBuildPhase;
			buildActionMask = 2147483647;
			files = (
			);
			inputPaths = (
			);
			name = "Copy Pods Resources";
			outputPaths = (
			);
			runOnlyForDeploymentPostprocessing = 0;
			shellPath = /bin/sh;
			shellScript = "\"${SRCROOT}/Pods/Target Support Files/Pods/Pods-resources.sh\"\n";
			showEnvVarsInLog = 0;
		};
/* End PBXShellScriptBuildPhase section */

/* Begin PBXSourcesBuildPhase section */
		3D2C9A901C1226E500ED4513 /* Sources */ = {
			isa = PBXSourcesBuildPhase;
			buildActionMask = 2147483647;
			files = (
				3D2C9A9F1C1226E500ED4513 /* MainVoiceViewController.m in Sources */,
				3D2C9AA51C1226E500ED4513 /* alfred.xcdatamodeld in Sources */,
				3D2C9A9C1C1226E500ED4513 /* AppDelegate.m in Sources */,
				3D8B55A61C135EE50000041A /* RestManager.m in Sources */,
				3D8B559F1C1324F70000041A /* AudioManager.m in Sources */,
				3D2C9A991C1226E500ED4513 /* main.m in Sources */,
			);
			runOnlyForDeploymentPostprocessing = 0;
		};
		3D2C9AAC1C1226E500ED4513 /* Sources */ = {
			isa = PBXSourcesBuildPhase;
			buildActionMask = 2147483647;
			files = (
				3D8B55A01C1324F70000041A /* AudioManager.m in Sources */,
				3D8B55A71C135EE50000041A /* RestManager.m in Sources */,
				3D2C9AB51C1226E500ED4513 /* alfredTests.m in Sources */,
				3D8B55A31C132CBC0000041A /* AudioManagerTest.m in Sources */,
			);
			runOnlyForDeploymentPostprocessing = 0;
		};
		3D2C9AB71C1226E500ED4513 /* Sources */ = {
			isa = PBXSourcesBuildPhase;
			buildActionMask = 2147483647;
			files = (
				3D8B55A81C135EE50000041A /* RestManager.m in Sources */,
				3D8B55A11C1324F70000041A /* AudioManager.m in Sources */,
				3D2C9AC01C1226E500ED4513 /* alfredUITests.m in Sources */,
			);
			runOnlyForDeploymentPostprocessing = 0;
		};
/* End PBXSourcesBuildPhase section */

/* Begin PBXTargetDependency section */
		3D2C9AB21C1226E500ED4513 /* PBXTargetDependency */ = {
			isa = PBXTargetDependency;
			target = 3D2C9A931C1226E500ED4513 /* alfred */;
			targetProxy = 3D2C9AB11C1226E500ED4513 /* PBXContainerItemProxy */;
		};
		3D2C9ABD1C1226E500ED4513 /* PBXTargetDependency */ = {
			isa = PBXTargetDependency;
			target = 3D2C9A931C1226E500ED4513 /* alfred */;
			targetProxy = 3D2C9ABC1C1226E500ED4513 /* PBXContainerItemProxy */;
		};
/* End PBXTargetDependency section */

/* Begin PBXVariantGroup section */
		3D2C9AA01C1226E500ED4513 /* Main.storyboard */ = {
			isa = PBXVariantGroup;
			children = (
				3D2C9AA11C1226E500ED4513 /* Base */,
			);
			name = Main.storyboard;
			sourceTree = "<group>";
		};
		3D2C9AA81C1226E500ED4513 /* LaunchScreen.storyboard */ = {
			isa = PBXVariantGroup;
			children = (
				3D2C9AA91C1226E500ED4513 /* Base */,
			);
			name = LaunchScreen.storyboard;
			sourceTree = "<group>";
		};
/* End PBXVariantGroup section */

/* Begin XCBuildConfiguration section */
		3D2C9AC21C1226E500ED4513 /* Debug */ = {
			isa = XCBuildConfiguration;
			buildSettings = {
				ALWAYS_SEARCH_USER_PATHS = NO;
				CLANG_CXX_LANGUAGE_STANDARD = "gnu++0x";
				CLANG_CXX_LIBRARY = "libc++";
				CLANG_ENABLE_MODULES = YES;
				CLANG_ENABLE_OBJC_ARC = YES;
				CLANG_WARN_BOOL_CONVERSION = YES;
				CLANG_WARN_CONSTANT_CONVERSION = YES;
				CLANG_WARN_DIRECT_OBJC_ISA_USAGE = YES_ERROR;
				CLANG_WARN_EMPTY_BODY = YES;
				CLANG_WARN_ENUM_CONVERSION = YES;
				CLANG_WARN_INT_CONVERSION = YES;
				CLANG_WARN_OBJC_ROOT_CLASS = YES_ERROR;
				CLANG_WARN_UNREACHABLE_CODE = YES;
				CLANG_WARN__DUPLICATE_METHOD_MATCH = YES;
				"CODE_SIGN_IDENTITY[sdk=iphoneos*]" = "iPhone Developer";
				COPY_PHASE_STRIP = NO;
				DEBUG_INFORMATION_FORMAT = dwarf;
				ENABLE_STRICT_OBJC_MSGSEND = YES;
				ENABLE_TESTABILITY = YES;
				GCC_C_LANGUAGE_STANDARD = gnu99;
				GCC_DYNAMIC_NO_PIC = NO;
				GCC_NO_COMMON_BLOCKS = YES;
				GCC_OPTIMIZATION_LEVEL = 0;
				GCC_PREPROCESSOR_DEFINITIONS = (
					"DEBUG=1",
					"$(inherited)",
				);
				GCC_WARN_64_TO_32_BIT_CONVERSION = YES;
				GCC_WARN_ABOUT_RETURN_TYPE = YES_ERROR;
				GCC_WARN_UNDECLARED_SELECTOR = YES;
				GCC_WARN_UNINITIALIZED_AUTOS = YES_AGGRESSIVE;
				GCC_WARN_UNUSED_FUNCTION = YES;
				GCC_WARN_UNUSED_VARIABLE = YES;
				IPHONEOS_DEPLOYMENT_TARGET = 9.1;
				MTL_ENABLE_DEBUG_INFO = YES;
				ONLY_ACTIVE_ARCH = YES;
				SDKROOT = iphoneos;
			};
			name = Debug;
		};
		3D2C9AC31C1226E500ED4513 /* Release */ = {
			isa = XCBuildConfiguration;
			buildSettings = {
				ALWAYS_SEARCH_USER_PATHS = NO;
				CLANG_CXX_LANGUAGE_STANDARD = "gnu++0x";
				CLANG_CXX_LIBRARY = "libc++";
				CLANG_ENABLE_MODULES = YES;
				CLANG_ENABLE_OBJC_ARC = YES;
				CLANG_WARN_BOOL_CONVERSION = YES;
				CLANG_WARN_CONSTANT_CONVERSION = YES;
				CLANG_WARN_DIRECT_OBJC_ISA_USAGE = YES_ERROR;
				CLANG_WARN_EMPTY_BODY = YES;
				CLANG_WARN_ENUM_CONVERSION = YES;
				CLANG_WARN_INT_CONVERSION = YES;
				CLANG_WARN_OBJC_ROOT_CLASS = YES_ERROR;
				CLANG_WARN_UNREACHABLE_CODE = YES;
				CLANG_WARN__DUPLICATE_METHOD_MATCH = YES;
				"CODE_SIGN_IDENTITY[sdk=iphoneos*]" = "iPhone Developer";
				COPY_PHASE_STRIP = NO;
				DEBUG_INFORMATION_FORMAT = "dwarf-with-dsym";
				ENABLE_NS_ASSERTIONS = NO;
				ENABLE_STRICT_OBJC_MSGSEND = YES;
				GCC_C_LANGUAGE_STANDARD = gnu99;
				GCC_NO_COMMON_BLOCKS = YES;
				GCC_WARN_64_TO_32_BIT_CONVERSION = YES;
				GCC_WARN_ABOUT_RETURN_TYPE = YES_ERROR;
				GCC_WARN_UNDECLARED_SELECTOR = YES;
				GCC_WARN_UNINITIALIZED_AUTOS = YES_AGGRESSIVE;
				GCC_WARN_UNUSED_FUNCTION = YES;
				GCC_WARN_UNUSED_VARIABLE = YES;
				IPHONEOS_DEPLOYMENT_TARGET = 9.1;
				MTL_ENABLE_DEBUG_INFO = NO;
				SDKROOT = iphoneos;
				VALIDATE_PRODUCT = YES;
			};
			name = Release;
		};
		3D2C9AC51C1226E500ED4513 /* Debug */ = {
			isa = XCBuildConfiguration;
			baseConfigurationReference = 517A3FAD72DE1125B651692B /* Pods.debug.xcconfig */;
			buildSettings = {
				ASSETCATALOG_COMPILER_APPICON_NAME = AppIcon;
				INFOPLIST_FILE = alfred/Info.plist;
				LD_RUNPATH_SEARCH_PATHS = "$(inherited) @executable_path/Frameworks";
				PRODUCT_BUNDLE_IDENTIFIER = com.teamyay.alfred;
				PRODUCT_NAME = "$(TARGET_NAME)";
			};
			name = Debug;
		};
		3D2C9AC61C1226E500ED4513 /* Release */ = {
			isa = XCBuildConfiguration;
			baseConfigurationReference = 53CCFFE7879B495104FAA51E /* Pods.release.xcconfig */;
			buildSettings = {
				ASSETCATALOG_COMPILER_APPICON_NAME = AppIcon;
				INFOPLIST_FILE = alfred/Info.plist;
				LD_RUNPATH_SEARCH_PATHS = "$(inherited) @executable_path/Frameworks";
				PRODUCT_BUNDLE_IDENTIFIER = com.teamyay.alfred;
				PRODUCT_NAME = "$(TARGET_NAME)";
			};
			name = Release;
		};
		3D2C9AC81C1226E500ED4513 /* Debug */ = {
			isa = XCBuildConfiguration;
			buildSettings = {
				BUNDLE_LOADER = "$(TEST_HOST)";
				INFOPLIST_FILE = alfredTests/Info.plist;
				LD_RUNPATH_SEARCH_PATHS = "$(inherited) @executable_path/Frameworks @loader_path/Frameworks";
				PRODUCT_BUNDLE_IDENTIFIER = com.teamyay.alfredTests;
				PRODUCT_NAME = "$(TARGET_NAME)";
				TEST_HOST = "$(BUILT_PRODUCTS_DIR)/alfred.app/alfred";
			};
			name = Debug;
		};
		3D2C9AC91C1226E500ED4513 /* Release */ = {
			isa = XCBuildConfiguration;
			buildSettings = {
				BUNDLE_LOADER = "$(TEST_HOST)";
				INFOPLIST_FILE = alfredTests/Info.plist;
				LD_RUNPATH_SEARCH_PATHS = "$(inherited) @executable_path/Frameworks @loader_path/Frameworks";
				PRODUCT_BUNDLE_IDENTIFIER = com.teamyay.alfredTests;
				PRODUCT_NAME = "$(TARGET_NAME)";
				TEST_HOST = "$(BUILT_PRODUCTS_DIR)/alfred.app/alfred";
			};
			name = Release;
		};
		3D2C9ACB1C1226E500ED4513 /* Debug */ = {
			isa = XCBuildConfiguration;
			buildSettings = {
				INFOPLIST_FILE = alfredUITests/Info.plist;
				LD_RUNPATH_SEARCH_PATHS = "$(inherited) @executable_path/Frameworks @loader_path/Frameworks";
				PRODUCT_BUNDLE_IDENTIFIER = com.teamyay.alfredUITests;
				PRODUCT_NAME = "$(TARGET_NAME)";
				TEST_TARGET_NAME = alfred;
				USES_XCTRUNNER = YES;
			};
			name = Debug;
		};
		3D2C9ACC1C1226E500ED4513 /* Release */ = {
			isa = XCBuildConfiguration;
			buildSettings = {
				INFOPLIST_FILE = alfredUITests/Info.plist;
				LD_RUNPATH_SEARCH_PATHS = "$(inherited) @executable_path/Frameworks @loader_path/Frameworks";
				PRODUCT_BUNDLE_IDENTIFIER = com.teamyay.alfredUITests;
				PRODUCT_NAME = "$(TARGET_NAME)";
				TEST_TARGET_NAME = alfred;
				USES_XCTRUNNER = YES;
			};
			name = Release;
		};
/* End XCBuildConfiguration section */

/* Begin XCConfigurationList section */
		3D2C9A8F1C1226E500ED4513 /* Build configuration list for PBXProject "alfred" */ = {
			isa = XCConfigurationList;
			buildConfigurations = (
				3D2C9AC21C1226E500ED4513 /* Debug */,
				3D2C9AC31C1226E500ED4513 /* Release */,
			);
			defaultConfigurationIsVisible = 0;
			defaultConfigurationName = Release;
		};
		3D2C9AC41C1226E500ED4513 /* Build configuration list for PBXNativeTarget "alfred" */ = {
			isa = XCConfigurationList;
			buildConfigurations = (
				3D2C9AC51C1226E500ED4513 /* Debug */,
				3D2C9AC61C1226E500ED4513 /* Release */,
			);
			defaultConfigurationIsVisible = 0;
			defaultConfigurationName = Release;
		};
		3D2C9AC71C1226E500ED4513 /* Build configuration list for PBXNativeTarget "alfredTests" */ = {
			isa = XCConfigurationList;
			buildConfigurations = (
				3D2C9AC81C1226E500ED4513 /* Debug */,
				3D2C9AC91C1226E500ED4513 /* Release */,
			);
			defaultConfigurationIsVisible = 0;
			defaultConfigurationName = Release;
		};
		3D2C9ACA1C1226E500ED4513 /* Build configuration list for PBXNativeTarget "alfredUITests" */ = {
			isa = XCConfigurationList;
			buildConfigurations = (
				3D2C9ACB1C1226E500ED4513 /* Debug */,
				3D2C9ACC1C1226E500ED4513 /* Release */,
			);
			defaultConfigurationIsVisible = 0;
			defaultConfigurationName = Release;
		};
/* End XCConfigurationList section */

/* Begin XCVersionGroup section */
		3D2C9AA31C1226E500ED4513 /* alfred.xcdatamodeld */ = {
			isa = XCVersionGroup;
			children = (
				3D2C9AA41C1226E500ED4513 /* alfred.xcdatamodel */,
			);
			currentVersion = 3D2C9AA41C1226E500ED4513 /* alfred.xcdatamodel */;
			path = alfred.xcdatamodeld;
			sourceTree = "<group>";
			versionGroupType = wrapper.xcdatamodel;
		};
/* End XCVersionGroup section */
	};
	rootObject = 3D2C9A8C1C1226E500ED4513 /* Project object */;
}
